
Microsoft Visual Studio Solution File, Format Version 12.00
# Visual Studio Version 16
VisualStudioVersion = 16.0.30804.86
MinimumVisualStudioVersion = 10.0.40219.1
Project("{FAE04EC0-301F-11D3-BF4B-00C04F79EFBC}") = "BasicAuthDemo", "BasicAuthDemo\BasicAuthDemo.csproj", "{C797E137-7886-43FE-ADC5-0CFAB80A5C04}"
EndProject
Global
	GlobalSection(SolutionConfigurationPlatforms) = preSolution
		Debug|Any CPU = Debug|Any CPU
		Release|Any CPU = Release|Any CPU
	EndGlobalSection
	GlobalSection(ProjectConfigurationPlatforms) = postSolution
		{C797E137-7886-43FE-ADC5-0CFAB80A5C04}.Debug|Any CPU.ActiveCfg = Debug|Any CPU
		{C797E137-7886-43FE-ADC5-0CFAB80A5C04}.Debug|Any CPU.Build.0 = Debug|Any CPU
		{C797E137-7886-43FE-ADC5-0CFAB80A5C04}.Release|Any CPU.ActiveCfg = Release|Any CPU
		{C797E137-7886-43FE-ADC5-0CFAB80A5C04}.Release|Any CPU.Build.0 = Release|Any CPU
	EndGlobalSection
	GlobalSection(SolutionProperties) = preSolution
		HideSolutionNode = FALSE
	EndGlobalSection
	GlobalSection(ExtensibilityGlobals) = postSolution
		SolutionGuid = {15690ADF-9C42-48CF-8031-FE9E515F5696}
	EndGlobalSection
EndGlobal
